// !$*UTF8*$!
{
	archiveVersion = 1;
	classes = {
	};
	objectVersion = 46;
	objects = {

/* Begin PBXBuildFile section */
		B65708491DE09F1300AFFD49 /* main.m in Sources */ = {isa = PBXBuildFile; fileRef = B65708481DE09F1300AFFD49 /* main.m */; };
		B657084C1DE09F1300AFFD49 /* AppDelegate.m in Sources */ = {isa = PBXBuildFile; fileRef = B657084B1DE09F1300AFFD49 /* AppDelegate.m */; };
		B65708521DE09F1300AFFD49 /* Main.storyboard in Resources */ = {isa = PBXBuildFile; fileRef = B65708501DE09F1300AFFD49 /* Main.storyboard */; };
		B65708541DE09F1300AFFD49 /* Assets.xcassets in Resources */ = {isa = PBXBuildFile; fileRef = B65708531DE09F1300AFFD49 /* Assets.xcassets */; };
		B65708571DE09F1300AFFD49 /* LaunchScreen.storyboard in Resources */ = {isa = PBXBuildFile; fileRef = B65708551DE09F1300AFFD49 /* LaunchScreen.storyboard */; };
		B65708601DE0A1AF00AFFD49 /* KSEmojisCollectionViewController.m in Sources */ = {isa = PBXBuildFile; fileRef = B657085F1DE0A1AF00AFFD49 /* KSEmojisCollectionViewController.m */; };
		B65708671DE0A3A700AFFD49 /* KSEmoji.m in Sources */ = {isa = PBXBuildFile; fileRef = B65708661DE0A3A700AFFD49 /* KSEmoji.m */; };
		B657086A1DE0A47C00AFFD49 /* KSWebServiceController.m in Sources */ = {isa = PBXBuildFile; fileRef = B65708691DE0A47C00AFFD49 /* KSWebServiceController.m */; };
		B657086D1DE0A79A00AFFD49 /* KSEmojiDataController.m in Sources */ = {isa = PBXBuildFile; fileRef = B657086C1DE0A79A00AFFD49 /* KSEmojiDataController.m */; };
		B65708701DE0B0C700AFFD49 /* KSEmojiImageDownloader.m in Sources */ = {isa = PBXBuildFile; fileRef = B657086F1DE0B0C700AFFD49 /* KSEmojiImageDownloader.m */; };
		B65708741DE0C4C200AFFD49 /* KSEmojiCollectionViewCell.m in Sources */ = {isa = PBXBuildFile; fileRef = B65708731DE0C4C200AFFD49 /* KSEmojiCollectionViewCell.m */; };
		B65708771DE0D08300AFFD49 /* KSEmojiDetailViewController.m in Sources */ = {isa = PBXBuildFile; fileRef = B65708761DE0D08300AFFD49 /* KSEmojiDetailViewController.m */; };
		B657087A1DE1170300AFFD49 /* KSRootViewController.m in Sources */ = {isa = PBXBuildFile; fileRef = B65708791DE1170300AFFD49 /* KSRootViewController.m */; };
		B657087D1DE1176800AFFD49 /* KSSplashViewController.m in Sources */ = {isa = PBXBuildFile; fileRef = B657087C1DE1176800AFFD49 /* KSSplashViewController.m */; };
		B65708801DE11A7600AFFD49 /* KSFallingEmojisView.m in Sources */ = {isa = PBXBuildFile; fileRef = B657087F1DE11A7600AFFD49 /* KSFallingEmojisView.m */; };
/* End PBXBuildFile section */

/* Begin PBXFileReference section */
		B65708441DE09F1300AFFD49 /* Emote.app */ = {isa = PBXFileReference; explicitFileType = wrapper.application; includeInIndex = 0; path = Emote.app; sourceTree = BUILT_PRODUCTS_DIR; };
		B65708481DE09F1300AFFD49 /* main.m */ = {isa = PBXFileReference; lastKnownFileType = sourcecode.c.objc; path = main.m; sourceTree = "<group>"; };
		B657084A1DE09F1300AFFD49 /* AppDelegate.h */ = {isa = PBXFileReference; lastKnownFileType = sourcecode.c.h; path = AppDelegate.h; sourceTree = "<group>"; };
		B657084B1DE09F1300AFFD49 /* AppDelegate.m */ = {isa = PBXFileReference; lastKnownFileType = sourcecode.c.objc; path = AppDelegate.m; sourceTree = "<group>"; };
		B65708511DE09F1300AFFD49 /* Base */ = {isa = PBXFileReference; lastKnownFileType = file.storyboard; name = Base; path = Base.lproj/Main.storyboard; sourceTree = "<group>"; };
		B65708531DE09F1300AFFD49 /* Assets.xcassets */ = {isa = PBXFileReference; lastKnownFileType = folder.assetcatalog; path = Assets.xcassets; sourceTree = "<group>"; };
		B65708561DE09F1300AFFD49 /* Base */ = {isa = PBXFileReference; lastKnownFileType = file.storyboard; name = Base; path = Base.lproj/LaunchScreen.storyboard; sourceTree = "<group>"; };
		B65708581DE09F1300AFFD49 /* Info.plist */ = {isa = PBXFileReference; lastKnownFileType = text.plist.xml; path = Info.plist; sourceTree = "<group>"; };
		B657085E1DE0A1AF00AFFD49 /* KSEmojisCollectionViewController.h */ = {isa = PBXFileReference; fileEncoding = 4; lastKnownFileType = sourcecode.c.h; path = KSEmojisCollectionViewController.h; sourceTree = "<group>"; };
		B657085F1DE0A1AF00AFFD49 /* KSEmojisCollectionViewController.m */ = {isa = PBXFileReference; fileEncoding = 4; lastKnownFileType = sourcecode.c.objc; path = KSEmojisCollectionViewController.m; sourceTree = "<group>"; };
		B65708651DE0A3A700AFFD49 /* KSEmoji.h */ = {isa = PBXFileReference; fileEncoding = 4; lastKnownFileType = sourcecode.c.h; path = KSEmoji.h; sourceTree = "<group>"; };
		B65708661DE0A3A700AFFD49 /* KSEmoji.m */ = {isa = PBXFileReference; fileEncoding = 4; lastKnownFileType = sourcecode.c.objc; path = KSEmoji.m; sourceTree = "<group>"; };
		B65708681DE0A47C00AFFD49 /* KSWebServiceController.h */ = {isa = PBXFileReference; fileEncoding = 4; lastKnownFileType = sourcecode.c.h; path = KSWebServiceController.h; sourceTree = "<group>"; };
		B65708691DE0A47C00AFFD49 /* KSWebServiceController.m */ = {isa = PBXFileReference; fileEncoding = 4; lastKnownFileType = sourcecode.c.objc; path = KSWebServiceController.m; sourceTree = "<group>"; };
		B657086B1DE0A79A00AFFD49 /* KSEmojiDataController.h */ = {isa = PBXFileReference; fileEncoding = 4; lastKnownFileType = sourcecode.c.h; path = KSEmojiDataController.h; sourceTree = "<group>"; };
		B657086C1DE0A79A00AFFD49 /* KSEmojiDataController.m */ = {isa = PBXFileReference; fileEncoding = 4; lastKnownFileType = sourcecode.c.objc; path = KSEmojiDataController.m; sourceTree = "<group>"; };
		B657086E1DE0B0C700AFFD49 /* KSEmojiImageDownloader.h */ = {isa = PBXFileReference; fileEncoding = 4; lastKnownFileType = sourcecode.c.h; path = KSEmojiImageDownloader.h; sourceTree = "<group>"; };
		B657086F1DE0B0C700AFFD49 /* KSEmojiImageDownloader.m */ = {isa = PBXFileReference; fileEncoding = 4; lastKnownFileType = sourcecode.c.objc; path = KSEmojiImageDownloader.m; sourceTree = "<group>"; };
		B65708721DE0C4C200AFFD49 /* KSEmojiCollectionViewCell.h */ = {isa = PBXFileReference; fileEncoding = 4; lastKnownFileType = sourcecode.c.h; path = KSEmojiCollectionViewCell.h; sourceTree = "<group>"; };
		B65708731DE0C4C200AFFD49 /* KSEmojiCollectionViewCell.m */ = {isa = PBXFileReference; fileEncoding = 4; lastKnownFileType = sourcecode.c.objc; path = KSEmojiCollectionViewCell.m; sourceTree = "<group>"; };
		B65708751DE0D08300AFFD49 /* KSEmojiDetailViewController.h */ = {isa = PBXFileReference; fileEncoding = 4; lastKnownFileType = sourcecode.c.h; path = KSEmojiDetailViewController.h; sourceTree = "<group>"; };
		B65708761DE0D08300AFFD49 /* KSEmojiDetailViewController.m */ = {isa = PBXFileReference; fileEncoding = 4; lastKnownFileType = sourcecode.c.objc; path = KSEmojiDetailViewController.m; sourceTree = "<group>"; };
		B65708781DE1170300AFFD49 /* KSRootViewController.h */ = {isa = PBXFileReference; fileEncoding = 4; lastKnownFileType = sourcecode.c.h; path = KSRootViewController.h; sourceTree = "<group>"; };
		B65708791DE1170300AFFD49 /* KSRootViewController.m */ = {isa = PBXFileReference; fileEncoding = 4; lastKnownFileType = sourcecode.c.objc; path = KSRootViewController.m; sourceTree = "<group>"; };
		B657087B1DE1176800AFFD49 /* KSSplashViewController.h */ = {isa = PBXFileReference; fileEncoding = 4; lastKnownFileType = sourcecode.c.h; path = KSSplashViewController.h; sourceTree = "<group>"; };
		B657087C1DE1176800AFFD49 /* KSSplashViewController.m */ = {isa = PBXFileReference; fileEncoding = 4; lastKnownFileType = sourcecode.c.objc; path = KSSplashViewController.m; sourceTree = "<group>"; };
		B657087E1DE11A7600AFFD49 /* KSFallingEmojisView.h */ = {isa = PBXFileReference; fileEncoding = 4; lastKnownFileType = sourcecode.c.h; path = KSFallingEmojisView.h; sourceTree = "<group>"; };
		B657087F1DE11A7600AFFD49 /* KSFallingEmojisView.m */ = {isa = PBXFileReference; fileEncoding = 4; lastKnownFileType = sourcecode.c.objc; path = KSFallingEmojisView.m; sourceTree = "<group>"; };
/* End PBXFileReference section */

/* Begin PBXFrameworksBuildPhase section */
		B65708411DE09F1300AFFD49 /* Frameworks */ = {
			isa = PBXFrameworksBuildPhase;
			buildActionMask = 2147483647;
			files = (
			);
			runOnlyForDeploymentPostprocessing = 0;
		};
/* End PBXFrameworksBuildPhase section */

/* Begin PBXGroup section */
		B657083B1DE09F1300AFFD49 = {
			isa = PBXGroup;
			children = (
				B65708461DE09F1300AFFD49 /* Emote */,
				B65708451DE09F1300AFFD49 /* Products */,
			);
			sourceTree = "<group>";
		};
		B65708451DE09F1300AFFD49 /* Products */ = {
			isa = PBXGroup;
			children = (
				B65708441DE09F1300AFFD49 /* Emote.app */,
			);
			name = Products;
			sourceTree = "<group>";
		};
		B65708461DE09F1300AFFD49 /* Emote */ = {
			isa = PBXGroup;
			children = (
				B65708711DE0C4AC00AFFD49 /* Collection View Cell */,
				B65708641DE0A39300AFFD49 /* Controller */,
				B65708631DE0A1D700AFFD49 /* View */,
				B65708621DE0A1CF00AFFD49 /* Model */,
				B65708611DE0A1C200AFFD49 /* View Contoller */,
				B65708471DE09F1300AFFD49 /* Supporting Files */,
			);
			path = Emote;
			sourceTree = "<group>";
		};
		B65708471DE09F1300AFFD49 /* Supporting Files */ = {
			isa = PBXGroup;
			children = (
				B657084A1DE09F1300AFFD49 /* AppDelegate.h */,
				B657084B1DE09F1300AFFD49 /* AppDelegate.m */,
				B65708581DE09F1300AFFD49 /* Info.plist */,
				B65708481DE09F1300AFFD49 /* main.m */,
			);
			name = "Supporting Files";
			sourceTree = "<group>";
		};
		B65708611DE0A1C200AFFD49 /* View Contoller */ = {
			isa = PBXGroup;
			children = (
				B65708781DE1170300AFFD49 /* KSRootViewController.h */,
				B65708791DE1170300AFFD49 /* KSRootViewController.m */,
				B657087B1DE1176800AFFD49 /* KSSplashViewController.h */,
				B657087C1DE1176800AFFD49 /* KSSplashViewController.m */,
				B657085E1DE0A1AF00AFFD49 /* KSEmojisCollectionViewController.h */,
				B657085F1DE0A1AF00AFFD49 /* KSEmojisCollectionViewController.m */,
				B65708751DE0D08300AFFD49 /* KSEmojiDetailViewController.h */,
				B65708761DE0D08300AFFD49 /* KSEmojiDetailViewController.m */,
			);
			name = "View Contoller";
			sourceTree = "<group>";
		};
		B65708621DE0A1CF00AFFD49 /* Model */ = {
			isa = PBXGroup;
			children = (
				B65708651DE0A3A700AFFD49 /* KSEmoji.h */,
				B65708661DE0A3A700AFFD49 /* KSEmoji.m */,
			);
			name = Model;
			sourceTree = "<group>";
		};
		B65708631DE0A1D700AFFD49 /* View */ = {
			isa = PBXGroup;
			children = (
				B65708501DE09F1300AFFD49 /* Main.storyboard */,
				B65708531DE09F1300AFFD49 /* Assets.xcassets */,
				B65708551DE09F1300AFFD49 /* LaunchScreen.storyboard */,
			);
			name = View;
			sourceTree = "<group>";
		};
		B65708641DE0A39300AFFD49 /* Controller */ = {
			isa = PBXGroup;
			children = (
				B657087E1DE11A7600AFFD49 /* KSFallingEmojisView.h */,
				B657087F1DE11A7600AFFD49 /* KSFallingEmojisView.m */,
				B65708681DE0A47C00AFFD49 /* KSWebServiceController.h */,
				B65708691DE0A47C00AFFD49 /* KSWebServiceController.m */,
				B657086B1DE0A79A00AFFD49 /* KSEmojiDataController.h */,
				B657086C1DE0A79A00AFFD49 /* KSEmojiDataController.m */,
				B657086E1DE0B0C700AFFD49 /* KSEmojiImageDownloader.h */,
				B657086F1DE0B0C700AFFD49 /* KSEmojiImageDownloader.m */,
			);
			name = Controller;
			sourceTree = "<group>";
		};
		B65708711DE0C4AC00AFFD49 /* Collection View Cell */ = {
			isa = PBXGroup;
			children = (
				B65708721DE0C4C200AFFD49 /* KSEmojiCollectionViewCell.h */,
				B65708731DE0C4C200AFFD49 /* KSEmojiCollectionViewCell.m */,
			);
			name = "Collection View Cell";
			sourceTree = "<group>";
		};
/* End PBXGroup section */

/* Begin PBXNativeTarget section */
		B65708431DE09F1300AFFD49 /* Emote */ = {
			isa = PBXNativeTarget;
			buildConfigurationList = B657085B1DE09F1300AFFD49 /* Build configuration list for PBXNativeTarget "Emote" */;
			buildPhases = (
				B65708401DE09F1300AFFD49 /* Sources */,
				B65708411DE09F1300AFFD49 /* Frameworks */,
				B65708421DE09F1300AFFD49 /* Resources */,
			);
			buildRules = (
			);
			dependencies = (
			);
			name = Emote;
			productName = Emote;
			productReference = B65708441DE09F1300AFFD49 /* Emote.app */;
			productType = "com.apple.product-type.application";
		};
/* End PBXNativeTarget section */

/* Begin PBXProject section */
		B657083C1DE09F1300AFFD49 /* Project object */ = {
			isa = PBXProject;
			attributes = {
				LastUpgradeCheck = 0810;
				ORGANIZATIONNAME = "Kunal Shrivastava";
				TargetAttributes = {
					B65708431DE09F1300AFFD49 = {
						CreatedOnToolsVersion = 8.1;
						DevelopmentTeam = CBHP6G9QDW;
						ProvisioningStyle = Automatic;
					};
				};
			};
			buildConfigurationList = B657083F1DE09F1300AFFD49 /* Build configuration list for PBXProject "Emote" */;
			compatibilityVersion = "Xcode 3.2";
			developmentRegion = English;
			hasScannedForEncodings = 0;
			knownRegions = (
				en,
				Base,
			);
			mainGroup = B657083B1DE09F1300AFFD49;
			productRefGroup = B65708451DE09F1300AFFD49 /* Products */;
			projectDirPath = "";
			projectRoot = "";
			targets = (
				B65708431DE09F1300AFFD49 /* Emote */,
			);
		};
/* End PBXProject section */

/* Begin PBXResourcesBuildPhase section */
		B65708421DE09F1300AFFD49 /* Resources */ = {
			isa = PBXResourcesBuildPhase;
			buildActionMask = 2147483647;
			files = (
				B65708571DE09F1300AFFD49 /* LaunchScreen.storyboard in Resources */,
				B65708541DE09F1300AFFD49 /* Assets.xcassets in Resources */,
				B65708521DE09F1300AFFD49 /* Main.storyboard in Resources */,
			);
			runOnlyForDeploymentPostprocessing = 0;
		};
/* End PBXResourcesBuildPhase section */

/* Begin PBXSourcesBuildPhase section */
		B65708401DE09F1300AFFD49 /* Sources */ = {
			isa = PBXSourcesBuildPhase;
			buildActionMask = 2147483647;
			files = (
				B65708701DE0B0C700AFFD49 /* KSEmojiImageDownloader.m in Sources */,
				B657086D1DE0A79A00AFFD49 /* KSEmojiDataController.m in Sources */,
				B65708601DE0A1AF00AFFD49 /* KSEmojisCollectionViewController.m in Sources */,
				B657086A1DE0A47C00AFFD49 /* KSWebServiceController.m in Sources */,
				B657084C1DE09F1300AFFD49 /* AppDelegate.m in Sources */,
				B65708671DE0A3A700AFFD49 /* KSEmoji.m in Sources */,
				B657087A1DE1170300AFFD49 /* KSRootViewController.m in Sources */,
				B657087D1DE1176800AFFD49 /* KSSplashViewController.m in Sources */,
				B65708491DE09F1300AFFD49 /* main.m in Sources */,
				B65708801DE11A7600AFFD49 /* KSFallingEmojisView.m in Sources */,
				B65708771DE0D08300AFFD49 /* KSEmojiDetailViewController.m in Sources */,
				B65708741DE0C4C200AFFD49 /* KSEmojiCollectionViewCell.m in Sources */,
			);
			runOnlyForDeploymentPostprocessing = 0;
		};
/* End PBXSourcesBuildPhase section */

/* Begin PBXVariantGroup section */
		B65708501DE09F1300AFFD49 /* Main.storyboard */ = {
			isa = PBXVariantGroup;
			children = (
				B65708511DE09F1300AFFD49 /* Base */,
			);
			name = Main.storyboard;
			sourceTree = "<group>";
		};
		B65708551DE09F1300AFFD49 /* LaunchScreen.storyboard */ = {
			isa = PBXVariantGroup;
			children = (
				B65708561DE09F1300AFFD49 /* Base */,
			);
			name = LaunchScreen.storyboard;
			sourceTree = "<group>";
		};
/* End PBXVariantGroup section */

/* Begin XCBuildConfiguration section */
		B65708591DE09F1300AFFD49 /* Debug */ = {
			isa = XCBuildConfiguration;
			buildSettings = {
				ALWAYS_SEARCH_USER_PATHS = NO;
				CLANG_ANALYZER_NONNULL = YES;
				CLANG_CXX_LANGUAGE_STANDARD = "gnu++0x";
				CLANG_CXX_LIBRARY = "libc++";
				CLANG_ENABLE_MODULES = YES;
				CLANG_ENABLE_OBJC_ARC = YES;
				CLANG_WARN_BOOL_CONVERSION = YES;
				CLANG_WARN_CONSTANT_CONVERSION = YES;
				CLANG_WARN_DIRECT_OBJC_ISA_USAGE = YES_ERROR;
				CLANG_WARN_DOCUMENTATION_COMMENTS = YES;
				CLANG_WARN_EMPTY_BODY = YES;
				CLANG_WARN_ENUM_CONVERSION = YES;
				CLANG_WARN_INFINITE_RECURSION = YES;
				CLANG_WARN_INT_CONVERSION = YES;
				CLANG_WARN_OBJC_ROOT_CLASS = YES_ERROR;
				CLANG_WARN_SUSPICIOUS_MOVES = YES;
				CLANG_WARN_UNREACHABLE_CODE = YES;
				CLANG_WARN__DUPLICATE_METHOD_MATCH = YES;
				"CODE_SIGN_IDENTITY[sdk=iphoneos*]" = "iPhone Developer";
				COPY_PHASE_STRIP = NO;
				DEBUG_INFORMATION_FORMAT = dwarf;
				ENABLE_STRICT_OBJC_MSGSEND = YES;
				ENABLE_TESTABILITY = YES;
				GCC_C_LANGUAGE_STANDARD = gnu99;
				GCC_DYNAMIC_NO_PIC = NO;
				GCC_NO_COMMON_BLOCKS = YES;
				GCC_OPTIMIZATION_LEVEL = 0;
				GCC_PREPROCESSOR_DEFINITIONS = (
					"DEBUG=1",
					"$(inherited)",
				);
				GCC_WARN_64_TO_32_BIT_CONVERSION = YES;
				GCC_WARN_ABOUT_RETURN_TYPE = YES_ERROR;
				GCC_WARN_UNDECLARED_SELECTOR = YES;
				GCC_WARN_UNINITIALIZED_AUTOS = YES_AGGRESSIVE;
				GCC_WARN_UNUSED_FUNCTION = YES;
				GCC_WARN_UNUSED_VARIABLE = YES;
				IPHONEOS_DEPLOYMENT_TARGET = 10.1;
				MTL_ENABLE_DEBUG_INFO = YES;
				ONLY_ACTIVE_ARCH = YES;
				SDKROOT = iphoneos;
			};
			name = Debug;
		};
		B657085A1DE09F1300AFFD49 /* Release */ = {
			isa = XCBuildConfiguration;
			buildSettings = {
				ALWAYS_SEARCH_USER_PATHS = NO;
				CLANG_ANALYZER_NONNULL = YES;
				CLANG_CXX_LANGUAGE_STANDARD = "gnu++0x";
				CLANG_CXX_LIBRARY = "libc++";
				CLANG_ENABLE_MODULES = YES;
				CLANG_ENABLE_OBJC_ARC = YES;
				CLANG_WARN_BOOL_CONVERSION = YES;
				CLANG_WARN_CONSTANT_CONVERSION = YES;
				CLANG_WARN_DIRECT_OBJC_ISA_USAGE = YES_ERROR;
				CLANG_WARN_DOCUMENTATION_COMMENTS = YES;
				CLANG_WARN_EMPTY_BODY = YES;
				CLANG_WARN_ENUM_CONVERSION = YES;
				CLANG_WARN_INFINITE_RECURSION = YES;
				CLANG_WARN_INT_CONVERSION = YES;
				CLANG_WARN_OBJC_ROOT_CLASS = YES_ERROR;
				CLANG_WARN_SUSPICIOUS_MOVES = YES;
				CLANG_WARN_UNREACHABLE_CODE = YES;
				CLANG_WARN__DUPLICATE_METHOD_MATCH = YES;
				"CODE_SIGN_IDENTITY[sdk=iphoneos*]" = "iPhone Developer";
				COPY_PHASE_STRIP = NO;
				DEBUG_INFORMATION_FORMAT = "dwarf-with-dsym";
				ENABLE_NS_ASSERTIONS = NO;
				ENABLE_STRICT_OBJC_MSGSEND = YES;
				GCC_C_LANGUAGE_STANDARD = gnu99;
				GCC_NO_COMMON_BLOCKS = YES;
				GCC_WARN_64_TO_32_BIT_CONVERSION = YES;
				GCC_WARN_ABOUT_RETURN_TYPE = YES_ERROR;
				GCC_WARN_UNDECLARED_SELECTOR = YES;
				GCC_WARN_UNINITIALIZED_AUTOS = YES_AGGRESSIVE;
				GCC_WARN_UNUSED_FUNCTION = YES;
				GCC_WARN_UNUSED_VARIABLE = YES;
				IPHONEOS_DEPLOYMENT_TARGET = 10.1;
				MTL_ENABLE_DEBUG_INFO = NO;
				SDKROOT = iphoneos;
				VALIDATE_PRODUCT = YES;
			};
			name = Release;
		};
		B657085C1DE09F1300AFFD49 /* Debug */ = {
			isa = XCBuildConfiguration;
			buildSettings = {
				ASSETCATALOG_COMPILER_APPICON_NAME = AppIcon;
				DEVELOPMENT_TEAM = CBHP6G9QDW;
				INFOPLIST_FILE = Emote/Info.plist;
				LD_RUNPATH_SEARCH_PATHS = "$(inherited) @executable_path/Frameworks";
				PRODUCT_BUNDLE_IDENTIFIER = KS.Emote;
				PRODUCT_NAME = "$(TARGET_NAME)";
			};
			name = Debug;
		};
		B657085D1DE09F1300AFFD49 /* Release */ = {
			isa = XCBuildConfiguration;
			buildSettings = {
				ASSETCATALOG_COMPILER_APPICON_NAME = AppIcon;
				DEVELOPMENT_TEAM = CBHP6G9QDW;
				INFOPLIST_FILE = Emote/Info.plist;
				LD_RUNPATH_SEARCH_PATHS = "$(inherited) @executable_path/Frameworks";
				PRODUCT_BUNDLE_IDENTIFIER = KS.Emote;
				PRODUCT_NAME = "$(TARGET_NAME)";
			};
			name = Release;
		};
/* End XCBuildConfiguration section */

/* Begin XCConfigurationList section */
		B657083F1DE09F1300AFFD49 /* Build configuration list for PBXProject "Emote" */ = {
			isa = XCConfigurationList;
			buildConfigurations = (
				B65708591DE09F1300AFFD49 /* Debug */,
				B657085A1DE09F1300AFFD49 /* Release */,
			);
			defaultConfigurationIsVisible = 0;
			defaultConfigurationName = Release;
		};
		B657085B1DE09F1300AFFD49 /* Build configuration list for PBXNativeTarget "Emote" */ = {
			isa = XCConfigurationList;
			buildConfigurations = (
				B657085C1DE09F1300AFFD49 /* Debug */,
				B657085D1DE09F1300AFFD49 /* Release */,
			);
			defaultConfigurationIsVisible = 0;
			defaultConfigurationName = Release;
		};
/* End XCConfigurationList section */
	};
	rootObject = B657083C1DE09F1300AFFD49 /* Project object */;
}
